Microsoft Visual Studio Solution File, Format Version 12.00
# Visual Studio Version 17
VisualStudioVersion = 17.5.2.0
MinimumVisualStudioVersion = 10.0.40219.1
Project("{FAE04EC0-301F-11D3-BF4B-00C04F79EFBC}") = "FlowWheel", "FlowWheel.csproj", "{A9C4C45C-C08E-1E25-B3B8-B187AACABA86}"
EndProject
Global
	GlobalSection(SolutionConfigurationPlatforms) = preSolution
		Debug|Any CPU = Debug|Any CPU
		Release|Any CPU = Release|Any CPU
	EndGlobalSection
	GlobalSection(ProjectConfigurationPlatforms) = postSolution
		{A9C4C45C-C08E-1E25-B3B8-B187AACABA86}.Debug|Any CPU.ActiveCfg = Debug|Any CPU
		{A9C4C45C-C08E-1E25-B3B8-B187AACABA86}.Debug|Any CPU.Build.0 = Debug|Any CPU
		{A9C4C45C-C08E-1E25-B3B8-B187AACABA86}.Release|Any CPU.ActiveCfg = Release|Any CPU
		{A9C4C45C-C08E-1E25-B3B8-B187AACABA86}.Release|Any CPU.Build.0 = Release|Any CPU
	EndGlobalSection
	GlobalSection(SolutionProperties) = preSolution
		HideSolutionNode = FALSE
	EndGlobalSection
	GlobalSection(ExtensibilityGlobals) = postSolution
		SolutionGuid = {3B09A468-135A-4954-AC50-270CA73BC819}
	EndGlobalSection
EndGlobal
